
Microsoft Visual Studio Solution File, Format Version 12.00
# Visual Studio Version 17
VisualStudioVersion = 17.8.34525.116
MinimumVisualStudioVersion = 10.0.40219.1
Project("{FAE04EC0-301F-11D3-BF4B-00C04F79EFBC}") = "cajeroatmm", "cajeroatmm\cajeroatmm.csproj", "{CED64F3C-4C98-47C4-85CD-ED96A9CB6A3A}"
EndProject
Global
	GlobalSection(SolutionConfigurationPlatforms) = preSolution
		Debug|Any CPU = Debug|Any CPU
		Release|Any CPU = Release|Any CPU
	EndGlobalSection
	GlobalSection(ProjectConfigurationPlatforms) = postSolution
		{CED64F3C-4C98-47C4-85CD-ED96A9CB6A3A}.Debug|Any CPU.ActiveCfg = Debug|Any CPU
		{CED64F3C-4C98-47C4-85CD-ED96A9CB6A3A}.Debug|Any CPU.Build.0 = Debug|Any CPU
		{CED64F3C-4C98-47C4-85CD-ED96A9CB6A3A}.Release|Any CPU.ActiveCfg = Release|Any CPU
		{CED64F3C-4C98-47C4-85CD-ED96A9CB6A3A}.Release|Any CPU.Build.0 = Release|Any CPU
	EndGlobalSection
	GlobalSection(SolutionProperties) = preSolution
		HideSolutionNode = FALSE
	EndGlobalSection
	GlobalSection(ExtensibilityGlobals) = postSolution
		SolutionGuid = {53C40663-9245-4CB4-961E-946D0A3FC00E}
	EndGlobalSection
EndGlobal
